
Microsoft Visual Studio Solution File, Format Version 12.00
# Visual Studio Version 16
VisualStudioVersion = 16.0.29519.181
MinimumVisualStudioVersion = 10.0.40219.1
Project("{FAE04EC0-301F-11D3-BF4B-00C04F79EFBC}") = "SqliteEfTest", "SqliteEfTest.csproj", "{F560D8FB-3C4C-46F2-A578-6D2F77906A1C}"
EndProject
Global
	GlobalSection(SolutionConfigurationPlatforms) = preSolution
		Debug|Any CPU = Debug|Any CPU
		Release|Any CPU = Release|Any CPU
	EndGlobalSection
	GlobalSection(ProjectConfigurationPlatforms) = postSolution
		{F560D8FB-3C4C-46F2-A578-6D2F77906A1C}.Debug|Any CPU.ActiveCfg = Debug|Any CPU
		{F560D8FB-3C4C-46F2-A578-6D2F77906A1C}.Debug|Any CPU.Build.0 = Debug|Any CPU
		{F560D8FB-3C4C-46F2-A578-6D2F77906A1C}.Release|Any CPU.ActiveCfg = Release|Any CPU
		{F560D8FB-3C4C-46F2-A578-6D2F77906A1C}.Release|Any CPU.Build.0 = Release|Any CPU
	EndGlobalSection
	GlobalSection(SolutionProperties) = preSolution
		HideSolutionNode = FALSE
	EndGlobalSection
	GlobalSection(ExtensibilityGlobals) = postSolution
		SolutionGuid = {992C4FE4-132C-4D6E-8D64-C02C4E7ED27F}
	EndGlobalSection
EndGlobal
